// !$*UTF8*$!
{
	archiveVersion = 1;
	classes = {
	};
	objectVersion = 46;
	objects = {

/* Begin PBXBuildFile section */
		1C5973991DE6EF5D00A28B27 /* MaterialButtonView.swift in Sources */ = {isa = PBXBuildFile; fileRef = 1C5973981DE6EF5D00A28B27 /* MaterialButtonView.swift */; };
		1C59739B1DE6F44100A28B27 /* DropShadow.swift in Sources */ = {isa = PBXBuildFile; fileRef = 1C59739A1DE6F44100A28B27 /* DropShadow.swift */; };
		1C59739D1DE6F58000A28B27 /* MaterialTextField.swift in Sources */ = {isa = PBXBuildFile; fileRef = 1C59739C1DE6F58000A28B27 /* MaterialTextField.swift */; };
		1C59739F1DE6F93400A28B27 /* MaterialVIew.swift in Sources */ = {isa = PBXBuildFile; fileRef = 1C59739E1DE6F93400A28B27 /* MaterialVIew.swift */; };
		1C5973A11DE6FC3100A28B27 /* CostumTextField.swift in Sources */ = {isa = PBXBuildFile; fileRef = 1C5973A01DE6FC3100A28B27 /* CostumTextField.swift */; };
		1C5973A41DE70A5400A28B27 /* Constants.swift in Sources */ = {isa = PBXBuildFile; fileRef = 1C5973A31DE70A5400A28B27 /* Constants.swift */; };
		1C8723901DE6284100C08AA5 /* AppDelegate.swift in Sources */ = {isa = PBXBuildFile; fileRef = 1C87238F1DE6284100C08AA5 /* AppDelegate.swift */; };
		1C8723951DE6284100C08AA5 /* Main.storyboard in Resources */ = {isa = PBXBuildFile; fileRef = 1C8723931DE6284100C08AA5 /* Main.storyboard */; };
		1C8723971DE6284100C08AA5 /* Assets.xcassets in Resources */ = {isa = PBXBuildFile; fileRef = 1C8723961DE6284100C08AA5 /* Assets.xcassets */; };
		1C87239A1DE6284100C08AA5 /* LaunchScreen.storyboard in Resources */ = {isa = PBXBuildFile; fileRef = 1C8723981DE6284100C08AA5 /* LaunchScreen.storyboard */; };
		1C8723A21DE628CC00C08AA5 /* GoogleService-Info.plist in Resources */ = {isa = PBXBuildFile; fileRef = 1C8723A11DE628CC00C08AA5 /* GoogleService-Info.plist */; };
		1C8723AA1DE6CF2A00C08AA5 /* SignInVC.swift in Sources */ = {isa = PBXBuildFile; fileRef = 1C8723A91DE6CF2A00C08AA5 /* SignInVC.swift */; };
		1C8723BD1DE6E60E00C08AA5 /* Roboto-Black.ttf in Resources */ = {isa = PBXBuildFile; fileRef = 1C8723AB1DE6E60E00C08AA5 /* Roboto-Black.ttf */; };
		1C8723BE1DE6E60E00C08AA5 /* Roboto-BlackItalic.ttf in Resources */ = {isa = PBXBuildFile; fileRef = 1C8723AC1DE6E60E00C08AA5 /* Roboto-BlackItalic.ttf */; };
		1C8723BF1DE6E60E00C08AA5 /* Roboto-Bold.ttf in Resources */ = {isa = PBXBuildFile; fileRef = 1C8723AD1DE6E60E00C08AA5 /* Roboto-Bold.ttf */; };
		1C8723C01DE6E60E00C08AA5 /* Roboto-BoldItalic.ttf in Resources */ = {isa = PBXBuildFile; fileRef = 1C8723AE1DE6E60E00C08AA5 /* Roboto-BoldItalic.ttf */; };
		1C8723C11DE6E60E00C08AA5 /* Roboto-Italic.ttf in Resources */ = {isa = PBXBuildFile; fileRef = 1C8723AF1DE6E60E00C08AA5 /* Roboto-Italic.ttf */; };
		1C8723C21DE6E60E00C08AA5 /* Roboto-Light.ttf in Resources */ = {isa = PBXBuildFile; fileRef = 1C8723B01DE6E60E00C08AA5 /* Roboto-Light.ttf */; };
		1C8723C31DE6E60E00C08AA5 /* Roboto-LightItalic.ttf in Resources */ = {isa = PBXBuildFile; fileRef = 1C8723B11DE6E60E00C08AA5 /* Roboto-LightItalic.ttf */; };
		1C8723C41DE6E60E00C08AA5 /* Roboto-Medium.ttf in Resources */ = {isa = PBXBuildFile; fileRef = 1C8723B21DE6E60E00C08AA5 /* Roboto-Medium.ttf */; };
		1C8723C51DE6E60E00C08AA5 /* Roboto-MediumItalic.ttf in Resources */ = {isa = PBXBuildFile; fileRef = 1C8723B31DE6E60E00C08AA5 /* Roboto-MediumItalic.ttf */; };
		1C8723C61DE6E60E00C08AA5 /* Roboto-Regular.ttf in Resources */ = {isa = PBXBuildFile; fileRef = 1C8723B41DE6E60E00C08AA5 /* Roboto-Regular.ttf */; };
		1C8723C71DE6E60E00C08AA5 /* Roboto-Thin.ttf in Resources */ = {isa = PBXBuildFile; fileRef = 1C8723B51DE6E60E00C08AA5 /* Roboto-Thin.ttf */; };
		1C8723C81DE6E60E00C08AA5 /* Roboto-ThinItalic.ttf in Resources */ = {isa = PBXBuildFile; fileRef = 1C8723B61DE6E60E00C08AA5 /* Roboto-ThinItalic.ttf */; };
		1C8723C91DE6E60E00C08AA5 /* RobotoCondensed-Bold.ttf in Resources */ = {isa = PBXBuildFile; fileRef = 1C8723B71DE6E60E00C08AA5 /* RobotoCondensed-Bold.ttf */; };
		1C8723CA1DE6E60E00C08AA5 /* RobotoCondensed-BoldItalic.ttf in Resources */ = {isa = PBXBuildFile; fileRef = 1C8723B81DE6E60E00C08AA5 /* RobotoCondensed-BoldItalic.ttf */; };
		1C8723CB1DE6E60E00C08AA5 /* RobotoCondensed-Italic.ttf in Resources */ = {isa = PBXBuildFile; fileRef = 1C8723B91DE6E60E00C08AA5 /* RobotoCondensed-Italic.ttf */; };
		1C8723CC1DE6E60E00C08AA5 /* RobotoCondensed-Light.ttf in Resources */ = {isa = PBXBuildFile; fileRef = 1C8723BA1DE6E60E00C08AA5 /* RobotoCondensed-Light.ttf */; };
		1C8723CD1DE6E60E00C08AA5 /* RobotoCondensed-LightItalic.ttf in Resources */ = {isa = PBXBuildFile; fileRef = 1C8723BB1DE6E60E00C08AA5 /* RobotoCondensed-LightItalic.ttf */; };
		1C8723CE1DE6E60E00C08AA5 /* RobotoCondensed-Regular.ttf in Resources */ = {isa = PBXBuildFile; fileRef = 1C8723BC1DE6E60E00C08AA5 /* RobotoCondensed-Regular.ttf */; };
		1C8723D01DE6E95900C08AA5 /* MaterialButton.swift in Sources */ = {isa = PBXBuildFile; fileRef = 1C8723CF1DE6E95900C08AA5 /* MaterialButton.swift */; };
		3A42257283446F0F229BA811 /* Pods_SocialMediaApp.framework in Frameworks */ = {isa = PBXBuildFile; fileRef = A50E9FD5EFC07CEC688E9065 /* Pods_SocialMediaApp.framework */; };
/* End PBXBuildFile section */

/* Begin PBXFileReference section */
		1C5973981DE6EF5D00A28B27 /* MaterialButtonView.swift */ = {isa = PBXFileReference; fileEncoding = 4; lastKnownFileType = sourcecode.swift; path = MaterialButtonView.swift; sourceTree = "<group>"; };
		1C59739A1DE6F44100A28B27 /* DropShadow.swift */ = {isa = PBXFileReference; fileEncoding = 4; lastKnownFileType = sourcecode.swift; path = DropShadow.swift; sourceTree = "<group>"; };
		1C59739C1DE6F58000A28B27 /* MaterialTextField.swift */ = {isa = PBXFileReference; fileEncoding = 4; lastKnownFileType = sourcecode.swift; path = MaterialTextField.swift; sourceTree = "<group>"; };
		1C59739E1DE6F93400A28B27 /* MaterialVIew.swift */ = {isa = PBXFileReference; fileEncoding = 4; lastKnownFileType = sourcecode.swift; path = MaterialVIew.swift; sourceTree = "<group>"; };
		1C5973A01DE6FC3100A28B27 /* CostumTextField.swift */ = {isa = PBXFileReference; fileEncoding = 4; lastKnownFileType = sourcecode.swift; path = CostumTextField.swift; sourceTree = "<group>"; };
		1C5973A31DE70A5400A28B27 /* Constants.swift */ = {isa = PBXFileReference; fileEncoding = 4; lastKnownFileType = sourcecode.swift; path = Constants.swift; sourceTree = "<group>"; };
		1C87238C1DE6284100C08AA5 /* SocialMediaApp.app */ = {isa = PBXFileReference; explicitFileType = wrapper.application; includeInIndex = 0; path = SocialMediaApp.app; sourceTree = BUILT_PRODUCTS_DIR; };
		1C87238F1DE6284100C08AA5 /* AppDelegate.swift */ = {isa = PBXFileReference; lastKnownFileType = sourcecode.swift; path = AppDelegate.swift; sourceTree = "<group>"; };
		1C8723941DE6284100C08AA5 /* Base */ = {isa = PBXFileReference; lastKnownFileType = file.storyboard; name = Base; path = Base.lproj/Main.storyboard; sourceTree = "<group>"; };
		1C8723961DE6284100C08AA5 /* Assets.xcassets */ = {isa = PBXFileReference; lastKnownFileType = folder.assetcatalog; path = Assets.xcassets; sourceTree = "<group>"; };
		1C8723991DE6284100C08AA5 /* Base */ = {isa = PBXFileReference; lastKnownFileType = file.storyboard; name = Base; path = Base.lproj/LaunchScreen.storyboard; sourceTree = "<group>"; };
		1C87239B1DE6284100C08AA5 /* Info.plist */ = {isa = PBXFileReference; lastKnownFileType = text.plist.xml; path = Info.plist; sourceTree = "<group>"; };
		1C8723A11DE628CC00C08AA5 /* GoogleService-Info.plist */ = {isa = PBXFileReference; fileEncoding = 4; lastKnownFileType = text.plist.xml; path = "GoogleService-Info.plist"; sourceTree = "<group>"; };
		1C8723A91DE6CF2A00C08AA5 /* SignInVC.swift */ = {isa = PBXFileReference; fileEncoding = 4; lastKnownFileType = sourcecode.swift; path = SignInVC.swift; sourceTree = "<group>"; };
		1C8723AB1DE6E60E00C08AA5 /* Roboto-Black.ttf */ = {isa = PBXFileReference; lastKnownFileType = file; path = "Roboto-Black.ttf"; sourceTree = "<group>"; };
		1C8723AC1DE6E60E00C08AA5 /* Roboto-BlackItalic.ttf */ = {isa = PBXFileReference; lastKnownFileType = file; path = "Roboto-BlackItalic.ttf"; sourceTree = "<group>"; };
		1C8723AD1DE6E60E00C08AA5 /* Roboto-Bold.ttf */ = {isa = PBXFileReference; lastKnownFileType = file; path = "Roboto-Bold.ttf"; sourceTree = "<group>"; };
		1C8723AE1DE6E60E00C08AA5 /* Roboto-BoldItalic.ttf */ = {isa = PBXFileReference; lastKnownFileType = file; path = "Roboto-BoldItalic.ttf"; sourceTree = "<group>"; };
		1C8723AF1DE6E60E00C08AA5 /* Roboto-Italic.ttf */ = {isa = PBXFileReference; lastKnownFileType = file; path = "Roboto-Italic.ttf"; sourceTree = "<group>"; };
		1C8723B01DE6E60E00C08AA5 /* Roboto-Light.ttf */ = {isa = PBXFileReference; lastKnownFileType = file; path = "Roboto-Light.ttf"; sourceTree = "<group>"; };
		1C8723B11DE6E60E00C08AA5 /* Roboto-LightItalic.ttf */ = {isa = PBXFileReference; lastKnownFileType = file; path = "Roboto-LightItalic.ttf"; sourceTree = "<group>"; };
		1C8723B21DE6E60E00C08AA5 /* Roboto-Medium.ttf */ = {isa = PBXFileReference; lastKnownFileType = file; path = "Roboto-Medium.ttf"; sourceTree = "<group>"; };
		1C8723B31DE6E60E00C08AA5 /* Roboto-MediumItalic.ttf */ = {isa = PBXFileReference; lastKnownFileType = file; path = "Roboto-MediumItalic.ttf"; sourceTree = "<group>"; };
		1C8723B41DE6E60E00C08AA5 /* Roboto-Regular.ttf */ = {isa = PBXFileReference; lastKnownFileType = file; path = "Roboto-Regular.ttf"; sourceTree = "<group>"; };
		1C8723B51DE6E60E00C08AA5 /* Roboto-Thin.ttf */ = {isa = PBXFileReference; lastKnownFileType = file; path = "Roboto-Thin.ttf"; sourceTree = "<group>"; };
		1C8723B61DE6E60E00C08AA5 /* Roboto-ThinItalic.ttf */ = {isa = PBXFileReference; lastKnownFileType = file; path = "Roboto-ThinItalic.ttf"; sourceTree = "<group>"; };
		1C8723B71DE6E60E00C08AA5 /* RobotoCondensed-Bold.ttf */ = {isa = PBXFileReference; lastKnownFileType = file; path = "RobotoCondensed-Bold.ttf"; sourceTree = "<group>"; };
		1C8723B81DE6E60E00C08AA5 /* RobotoCondensed-BoldItalic.ttf */ = {isa = PBXFileReference; lastKnownFileType = file; path = "RobotoCondensed-BoldItalic.ttf"; sourceTree = "<group>"; };
		1C8723B91DE6E60E00C08AA5 /* RobotoCondensed-Italic.ttf */ = {isa = PBXFileReference; lastKnownFileType = file; path = "RobotoCondensed-Italic.ttf"; sourceTree = "<group>"; };
		1C8723BA1DE6E60E00C08AA5 /* RobotoCondensed-Light.ttf */ = {isa = PBXFileReference; lastKnownFileType = file; path = "RobotoCondensed-Light.ttf"; sourceTree = "<group>"; };
		1C8723BB1DE6E60E00C08AA5 /* RobotoCondensed-LightItalic.ttf */ = {isa = PBXFileReference; lastKnownFileType = file; path = "RobotoCondensed-LightItalic.ttf"; sourceTree = "<group>"; };
		1C8723BC1DE6E60E00C08AA5 /* RobotoCondensed-Regular.ttf */ = {isa = PBXFileReference; lastKnownFileType = file; path = "RobotoCondensed-Regular.ttf"; sourceTree = "<group>"; };
		1C8723CF1DE6E95900C08AA5 /* MaterialButton.swift */ = {isa = PBXFileReference; fileEncoding = 4; lastKnownFileType = sourcecode.swift; path = MaterialButton.swift; sourceTree = "<group>"; };
		43E29D2309D9348622AEA212 /* Pods-SocialMediaApp.debug.xcconfig */ = {isa = PBXFileReference; includeInIndex = 1; lastKnownFileType = text.xcconfig; name = "Pods-SocialMediaApp.debug.xcconfig"; path = "Pods/Target Support Files/Pods-SocialMediaApp/Pods-SocialMediaApp.debug.xcconfig"; sourceTree = "<group>"; };
		9663F7554F5AC5E8B0B24780 /* Pods-SocialMediaApp.release.xcconfig */ = {isa = PBXFileReference; includeInIndex = 1; lastKnownFileType = text.xcconfig; name = "Pods-SocialMediaApp.release.xcconfig"; path = "Pods/Target Support Files/Pods-SocialMediaApp/Pods-SocialMediaApp.release.xcconfig"; sourceTree = "<group>"; };
		A50E9FD5EFC07CEC688E9065 /* Pods_SocialMediaApp.framework */ = {isa = PBXFileReference; explicitFileType = wrapper.framework; includeInIndex = 0; path = Pods_SocialMediaApp.framework; sourceTree = BUILT_PRODUCTS_DIR; };
/* End PBXFileReference section */

/* Begin PBXFrameworksBuildPhase section */
		1C8723891DE6284100C08AA5 /* Frameworks */ = {
			isa = PBXFrameworksBuildPhase;
			buildActionMask = 2147483647;
			files = (
				3A42257283446F0F229BA811 /* Pods_SocialMediaApp.framework in Frameworks */,
			);
			runOnlyForDeploymentPostprocessing = 0;
		};
/* End PBXFrameworksBuildPhase section */

/* Begin PBXGroup section */
		0C4481DBD25875F80F54C76B /* Frameworks */ = {
			isa = PBXGroup;
			children = (
				A50E9FD5EFC07CEC688E9065 /* Pods_SocialMediaApp.framework */,
			);
			name = Frameworks;
			sourceTree = "<group>";
		};
		181A47DE79EE08B69EC5E3D0 /* Pods */ = {
			isa = PBXGroup;
			children = (
				43E29D2309D9348622AEA212 /* Pods-SocialMediaApp.debug.xcconfig */,
				9663F7554F5AC5E8B0B24780 /* Pods-SocialMediaApp.release.xcconfig */,
			);
			name = Pods;
			sourceTree = "<group>";
		};
		1C5973A21DE70A0E00A28B27 /* Util */ = {
			isa = PBXGroup;
			children = (
				1C5973A31DE70A5400A28B27 /* Constants.swift */,
			);
			name = Util;
			sourceTree = "<group>";
		};
		1C8723831DE6284100C08AA5 = {
			isa = PBXGroup;
			children = (
				1C87238E1DE6284100C08AA5 /* SocialMediaApp */,
				1C87238D1DE6284100C08AA5 /* Products */,
				181A47DE79EE08B69EC5E3D0 /* Pods */,
				0C4481DBD25875F80F54C76B /* Frameworks */,
			);
			sourceTree = "<group>";
		};
		1C87238D1DE6284100C08AA5 /* Products */ = {
			isa = PBXGroup;
			children = (
				1C87238C1DE6284100C08AA5 /* SocialMediaApp.app */,
			);
			name = Products;
			sourceTree = "<group>";
		};
		1C87238E1DE6284100C08AA5 /* SocialMediaApp */ = {
			isa = PBXGroup;
			children = (
				1C5973A21DE70A0E00A28B27 /* Util */,
				1C8723A81DE6CEF500C08AA5 /* Protocols */,
				1C8723A71DE6CEEA00C08AA5 /* Extensions */,
				1C8723A61DE6CED400C08AA5 /* Resources */,
				1C8723A31DE6CEAA00C08AA5 /* View */,
				1C8723A51DE6CEC500C08AA5 /* Model */,
				1C8723A41DE6CEB600C08AA5 /* Controller */,
			);
			path = SocialMediaApp;
			sourceTree = "<group>";
		};
		1C8723A31DE6CEAA00C08AA5 /* View */ = {
			isa = PBXGroup;
			children = (
				1C8723931DE6284100C08AA5 /* Main.storyboard */,
				1C8723981DE6284100C08AA5 /* LaunchScreen.storyboard */,
				1C5973981DE6EF5D00A28B27 /* MaterialButtonView.swift */,
				1C59739C1DE6F58000A28B27 /* MaterialTextField.swift */,
				1C59739E1DE6F93400A28B27 /* MaterialVIew.swift */,
			);
			name = View;
			sourceTree = "<group>";
		};
		1C8723A41DE6CEB600C08AA5 /* Controller */ = {
			isa = PBXGroup;
			children = (
				1C8723A91DE6CF2A00C08AA5 /* SignInVC.swift */,
				1C87238F1DE6284100C08AA5 /* AppDelegate.swift */,
			);
			name = Controller;
			sourceTree = "<group>";
		};
		1C8723A51DE6CEC500C08AA5 /* Model */ = {
			isa = PBXGroup;
			children = (
			);
			name = Model;
			sourceTree = "<group>";
		};
		1C8723A61DE6CED400C08AA5 /* Resources */ = {
			isa = PBXGroup;
			children = (
				1C8723961DE6284100C08AA5 /* Assets.xcassets */,
				1C87239B1DE6284100C08AA5 /* Info.plist */,
				1C8723A11DE628CC00C08AA5 /* GoogleService-Info.plist */,
				1C8723AB1DE6E60E00C08AA5 /* Roboto-Black.ttf */,
				1C8723AC1DE6E60E00C08AA5 /* Roboto-BlackItalic.ttf */,
				1C8723AD1DE6E60E00C08AA5 /* Roboto-Bold.ttf */,
				1C8723AE1DE6E60E00C08AA5 /* Roboto-BoldItalic.ttf */,
				1C8723AF1DE6E60E00C08AA5 /* Roboto-Italic.ttf */,
				1C8723B01DE6E60E00C08AA5 /* Roboto-Light.ttf */,
				1C8723B11DE6E60E00C08AA5 /* Roboto-LightItalic.ttf */,
				1C8723B21DE6E60E00C08AA5 /* Roboto-Medium.ttf */,
				1C8723B31DE6E60E00C08AA5 /* Roboto-MediumItalic.ttf */,
				1C8723B41DE6E60E00C08AA5 /* Roboto-Regular.ttf */,
				1C8723B51DE6E60E00C08AA5 /* Roboto-Thin.ttf */,
				1C8723B61DE6E60E00C08AA5 /* Roboto-ThinItalic.ttf */,
				1C8723B71DE6E60E00C08AA5 /* RobotoCondensed-Bold.ttf */,
				1C8723B81DE6E60E00C08AA5 /* RobotoCondensed-BoldItalic.ttf */,
				1C8723B91DE6E60E00C08AA5 /* RobotoCondensed-Italic.ttf */,
				1C8723BA1DE6E60E00C08AA5 /* RobotoCondensed-Light.ttf */,
				1C8723BB1DE6E60E00C08AA5 /* RobotoCondensed-LightItalic.ttf */,
				1C8723BC1DE6E60E00C08AA5 /* RobotoCondensed-Regular.ttf */,
			);
			name = Resources;
			sourceTree = "<group>";
		};
		1C8723A71DE6CEEA00C08AA5 /* Extensions */ = {
			isa = PBXGroup;
			children = (
			);
			name = Extensions;
			sourceTree = "<group>";
		};
		1C8723A81DE6CEF500C08AA5 /* Protocols */ = {
			isa = PBXGroup;
			children = (
				1C8723CF1DE6E95900C08AA5 /* MaterialButton.swift */,
				1C59739A1DE6F44100A28B27 /* DropShadow.swift */,
				1C5973A01DE6FC3100A28B27 /* CostumTextField.swift */,
			);
			name = Protocols;
			sourceTree = "<group>";
		};
/* End PBXGroup section */

/* Begin PBXNativeTarget section */
		1C87238B1DE6284100C08AA5 /* SocialMediaApp */ = {
			isa = PBXNativeTarget;
			buildConfigurationList = 1C87239E1DE6284100C08AA5 /* Build configuration list for PBXNativeTarget "SocialMediaApp" */;
			buildPhases = (
				283A40C9BD2DBCE54CEB0AB9 /* [CP] Check Pods Manifest.lock */,
				1C8723881DE6284100C08AA5 /* Sources */,
				1C8723891DE6284100C08AA5 /* Frameworks */,
				1C87238A1DE6284100C08AA5 /* Resources */,
				1723A978A8F69113D4A9547B /* [CP] Embed Pods Frameworks */,
				A0326D0BC1C4F3220C28532B /* [CP] Copy Pods Resources */,
			);
			buildRules = (
			);
			dependencies = (
			);
			name = SocialMediaApp;
			productName = SocialMediaApp;
			productReference = 1C87238C1DE6284100C08AA5 /* SocialMediaApp.app */;
			productType = "com.apple.product-type.application";
		};
/* End PBXNativeTarget section */

/* Begin PBXProject section */
		1C8723841DE6284100C08AA5 /* Project object */ = {
			isa = PBXProject;
			attributes = {
				LastSwiftUpdateCheck = 0810;
				LastUpgradeCheck = 0810;
				ORGANIZATIONNAME = bajoraiciuprodukcija;
				TargetAttributes = {
					1C87238B1DE6284100C08AA5 = {
						CreatedOnToolsVersion = 8.1;
						DevelopmentTeam = RE9C75KY3G;
						ProvisioningStyle = Automatic;
					};
				};
			};
			buildConfigurationList = 1C8723871DE6284100C08AA5 /* Build configuration list for PBXProject "SocialMediaApp" */;
			compatibilityVersion = "Xcode 3.2";
			developmentRegion = English;
			hasScannedForEncodings = 0;
			knownRegions = (
				en,
				Base,
			);
			mainGroup = 1C8723831DE6284100C08AA5;
			productRefGroup = 1C87238D1DE6284100C08AA5 /* Products */;
			projectDirPath = "";
			projectRoot = "";
			targets = (
				1C87238B1DE6284100C08AA5 /* SocialMediaApp */,
			);
		};
/* End PBXProject section */

/* Begin PBXResourcesBuildPhase section */
		1C87238A1DE6284100C08AA5 /* Resources */ = {
			isa = PBXResourcesBuildPhase;
			buildActionMask = 2147483647;
			files = (
				1C8723BF1DE6E60E00C08AA5 /* Roboto-Bold.ttf in Resources */,
				1C8723C31DE6E60E00C08AA5 /* Roboto-LightItalic.ttf in Resources */,
				1C8723CB1DE6E60E00C08AA5 /* RobotoCondensed-Italic.ttf in Resources */,
				1C8723CA1DE6E60E00C08AA5 /* RobotoCondensed-BoldItalic.ttf in Resources */,
				1C8723C51DE6E60E00C08AA5 /* Roboto-MediumItalic.ttf in Resources */,
				1C8723C11DE6E60E00C08AA5 /* Roboto-Italic.ttf in Resources */,
				1C8723C21DE6E60E00C08AA5 /* Roboto-Light.ttf in Resources */,
				1C87239A1DE6284100C08AA5 /* LaunchScreen.storyboard in Resources */,
				1C8723C01DE6E60E00C08AA5 /* Roboto-BoldItalic.ttf in Resources */,
				1C8723BE1DE6E60E00C08AA5 /* Roboto-BlackItalic.ttf in Resources */,
				1C8723C71DE6E60E00C08AA5 /* Roboto-Thin.ttf in Resources */,
				1C8723C61DE6E60E00C08AA5 /* Roboto-Regular.ttf in Resources */,
				1C8723CD1DE6E60E00C08AA5 /* RobotoCondensed-LightItalic.ttf in Resources */,
				1C8723971DE6284100C08AA5 /* Assets.xcassets in Resources */,
				1C8723CE1DE6E60E00C08AA5 /* RobotoCondensed-Regular.ttf in Resources */,
				1C8723C41DE6E60E00C08AA5 /* Roboto-Medium.ttf in Resources */,
				1C8723CC1DE6E60E00C08AA5 /* RobotoCondensed-Light.ttf in Resources */,
				1C8723C81DE6E60E00C08AA5 /* Roboto-ThinItalic.ttf in Resources */,
				1C8723C91DE6E60E00C08AA5 /* RobotoCondensed-Bold.ttf in Resources */,
				1C8723BD1DE6E60E00C08AA5 /* Roboto-Black.ttf in Resources */,
				1C8723A21DE628CC00C08AA5 /* GoogleService-Info.plist in Resources */,
				1C8723951DE6284100C08AA5 /* Main.storyboard in Resources */,
			);
			runOnlyForDeploymentPostprocessing = 0;
		};
/* End PBXResourcesBuildPhase section */

/* Begin PBXShellScriptBuildPhase section */
		1723A978A8F69113D4A9547B /* [CP] Embed Pods Frameworks */ = {
			isa = PBXShellScriptBuildPhase;
			buildActionMask = 2147483647;
			files = (
			);
			inputPaths = (
			);
			name = "[CP] Embed Pods Frameworks";
			outputPaths = (
			);
			runOnlyForDeploymentPostprocessing = 0;
			shellPath = /bin/sh;
			shellScript = "\"${SRCROOT}/Pods/Target Support Files/Pods-SocialMediaApp/Pods-SocialMediaApp-frameworks.sh\"\n";
			showEnvVarsInLog = 0;
		};
		283A40C9BD2DBCE54CEB0AB9 /* [CP] Check Pods Manifest.lock */ = {
			isa = PBXShellScriptBuildPhase;
			buildActionMask = 2147483647;
			files = (
			);
			inputPaths = (
			);
			name = "[CP] Check Pods Manifest.lock";
			outputPaths = (
			);
			runOnlyForDeploymentPostprocessing = 0;
			shellPath = /bin/sh;
			shellScript = "diff \"${PODS_ROOT}/../Podfile.lock\" \"${PODS_ROOT}/Manifest.lock\" > /dev/null\nif [ $? != 0 ] ; then\n    # print error to STDERR\n    echo \"error: The sandbox is not in sync with the Podfile.lock. Run 'pod install' or update your CocoaPods installation.\" >&2\n    exit 1\nfi\n";
			showEnvVarsInLog = 0;
		};
		A0326D0BC1C4F3220C28532B /* [CP] Copy Pods Resources */ = {
			isa = PBXShellScriptBuildPhase;
			buildActionMask = 2147483647;
			files = (
			);
			inputPaths = (
			);
			name = "[CP] Copy Pods Resources";
			outputPaths = (
			);
			runOnlyForDeploymentPostprocessing = 0;
			shellPath = /bin/sh;
			shellScript = "\"${SRCROOT}/Pods/Target Support Files/Pods-SocialMediaApp/Pods-SocialMediaApp-resources.sh\"\n";
			showEnvVarsInLog = 0;
		};
/* End PBXShellScriptBuildPhase section */

/* Begin PBXSourcesBuildPhase section */
		1C8723881DE6284100C08AA5 /* Sources */ = {
			isa = PBXSourcesBuildPhase;
			buildActionMask = 2147483647;
			files = (
				1C59739D1DE6F58000A28B27 /* MaterialTextField.swift in Sources */,
				1C59739B1DE6F44100A28B27 /* DropShadow.swift in Sources */,
				1C8723AA1DE6CF2A00C08AA5 /* SignInVC.swift in Sources */,
				1C59739F1DE6F93400A28B27 /* MaterialVIew.swift in Sources */,
				1C5973A11DE6FC3100A28B27 /* CostumTextField.swift in Sources */,
				1C8723D01DE6E95900C08AA5 /* MaterialButton.swift in Sources */,
				1C5973991DE6EF5D00A28B27 /* MaterialButtonView.swift in Sources */,
				1C8723901DE6284100C08AA5 /* AppDelegate.swift in Sources */,
				1C5973A41DE70A5400A28B27 /* Constants.swift in Sources */,
			);
			runOnlyForDeploymentPostprocessing = 0;
		};
/* End PBXSourcesBuildPhase section */

/* Begin PBXVariantGroup section */
		1C8723931DE6284100C08AA5 /* Main.storyboard */ = {
			isa = PBXVariantGroup;
			children = (
				1C8723941DE6284100C08AA5 /* Base */,
			);
			name = Main.storyboard;
			sourceTree = "<group>";
		};
		1C8723981DE6284100C08AA5 /* LaunchScreen.storyboard */ = {
			isa = PBXVariantGroup;
			children = (
				1C8723991DE6284100C08AA5 /* Base */,
			);
			name = LaunchScreen.storyboard;
			sourceTree = "<group>";
		};
/* End PBXVariantGroup section */

/* Begin XCBuildConfiguration section */
		1C87239C1DE6284100C08AA5 /* Debug */ = {
			isa = XCBuildConfiguration;
			buildSettings = {
				ALWAYS_SEARCH_USER_PATHS = NO;
				CLANG_ANALYZER_NONNULL = YES;
				CLANG_CXX_LANGUAGE_STANDARD = "gnu++0x";
				CLANG_CXX_LIBRARY = "libc++";
				CLANG_ENABLE_MODULES = YES;
				CLANG_ENABLE_OBJC_ARC = YES;
				CLANG_WARN_BOOL_CONVERSION = YES;
				CLANG_WARN_CONSTANT_CONVERSION = YES;
				CLANG_WARN_DIRECT_OBJC_ISA_USAGE = YES_ERROR;
				CLANG_WARN_DOCUMENTATION_COMMENTS = YES;
				CLANG_WARN_EMPTY_BODY = YES;
				CLANG_WARN_ENUM_CONVERSION = YES;
				CLANG_WARN_INFINITE_RECURSION = YES;
				CLANG_WARN_INT_CONVERSION = YES;
				CLANG_WARN_OBJC_ROOT_CLASS = YES_ERROR;
				CLANG_WARN_SUSPICIOUS_MOVES = YES;
				CLANG_WARN_UNREACHABLE_CODE = YES;
				CLANG_WARN__DUPLICATE_METHOD_MATCH = YES;
				"CODE_SIGN_IDENTITY[sdk=iphoneos*]" = "iPhone Developer";
				COPY_PHASE_STRIP = NO;
				DEBUG_INFORMATION_FORMAT = dwarf;
				ENABLE_STRICT_OBJC_MSGSEND = YES;
				ENABLE_TESTABILITY = YES;
				GCC_C_LANGUAGE_STANDARD = gnu99;
				GCC_DYNAMIC_NO_PIC = NO;
				GCC_NO_COMMON_BLOCKS = YES;
				GCC_OPTIMIZATION_LEVEL = 0;
				GCC_PREPROCESSOR_DEFINITIONS = (
					"DEBUG=1",
					"$(inherited)",
				);
				GCC_WARN_64_TO_32_BIT_CONVERSION = YES;
				GCC_WARN_ABOUT_RETURN_TYPE = YES_ERROR;
				GCC_WARN_UNDECLARED_SELECTOR = YES;
				GCC_WARN_UNINITIALIZED_AUTOS = YES_AGGRESSIVE;
				GCC_WARN_UNUSED_FUNCTION = YES;
				GCC_WARN_UNUSED_VARIABLE = YES;
				IPHONEOS_DEPLOYMENT_TARGET = 10.1;
				MTL_ENABLE_DEBUG_INFO = YES;
				ONLY_ACTIVE_ARCH = YES;
				SDKROOT = iphoneos;
				SWIFT_ACTIVE_COMPILATION_CONDITIONS = DEBUG;
				SWIFT_OPTIMIZATION_LEVEL = "-Onone";
				TARGETED_DEVICE_FAMILY = "1,2";
			};
			name = Debug;
		};
		1C87239D1DE6284100C08AA5 /* Release */ = {
			isa = XCBuildConfiguration;
			buildSettings = {
				ALWAYS_SEARCH_USER_PATHS = NO;
				CLANG_ANALYZER_NONNULL = YES;
				CLANG_CXX_LANGUAGE_STANDARD = "gnu++0x";
				CLANG_CXX_LIBRARY = "libc++";
				CLANG_ENABLE_MODULES = YES;
				CLANG_ENABLE_OBJC_ARC = YES;
				CLANG_WARN_BOOL_CONVERSION = YES;
				CLANG_WARN_CONSTANT_CONVERSION = YES;
				CLANG_WARN_DIRECT_OBJC_ISA_USAGE = YES_ERROR;
				CLANG_WARN_DOCUMENTATION_COMMENTS = YES;
				CLANG_WARN_EMPTY_BODY = YES;
				CLANG_WARN_ENUM_CONVERSION = YES;
				CLANG_WARN_INFINITE_RECURSION = YES;
				CLANG_WARN_INT_CONVERSION = YES;
				CLANG_WARN_OBJC_ROOT_CLASS = YES_ERROR;
				CLANG_WARN_SUSPICIOUS_MOVES = YES;
				CLANG_WARN_UNREACHABLE_CODE = YES;
				CLANG_WARN__DUPLICATE_METHOD_MATCH = YES;
				"CODE_SIGN_IDENTITY[sdk=iphoneos*]" = "iPhone Developer";
				COPY_PHASE_STRIP = NO;
				DEBUG_INFORMATION_FORMAT = "dwarf-with-dsym";
				ENABLE_NS_ASSERTIONS = NO;
				ENABLE_STRICT_OBJC_MSGSEND = YES;
				GCC_C_LANGUAGE_STANDARD = gnu99;
				GCC_NO_COMMON_BLOCKS = YES;
				GCC_WARN_64_TO_32_BIT_CONVERSION = YES;
				GCC_WARN_ABOUT_RETURN_TYPE = YES_ERROR;
				GCC_WARN_UNDECLARED_SELECTOR = YES;
				GCC_WARN_UNINITIALIZED_AUTOS = YES_AGGRESSIVE;
				GCC_WARN_UNUSED_FUNCTION = YES;
				GCC_WARN_UNUSED_VARIABLE = YES;
				IPHONEOS_DEPLOYMENT_TARGET = 10.1;
				MTL_ENABLE_DEBUG_INFO = NO;
				SDKROOT = iphoneos;
				SWIFT_OPTIMIZATION_LEVEL = "-Owholemodule";
				TARGETED_DEVICE_FAMILY = "1,2";
				VALIDATE_PRODUCT = YES;
			};
			name = Release;
		};
		1C87239F1DE6284100C08AA5 /* Debug */ = {
			isa = XCBuildConfiguration;
			baseConfigurationReference = 43E29D2309D9348622AEA212 /* Pods-SocialMediaApp.debug.xcconfig */;
			buildSettings = {
				ASSETCATALOG_COMPILER_APPICON_NAME = AppIcon;
				DEVELOPMENT_TEAM = RE9C75KY3G;
				INFOPLIST_FILE = SocialMediaApp/Info.plist;
				LD_RUNPATH_SEARCH_PATHS = "$(inherited) @executable_path/Frameworks";
				PRODUCT_BUNDLE_IDENTIFIER = BP.SocialMediaApp;
				PRODUCT_NAME = "$(TARGET_NAME)";
				SWIFT_VERSION = 3.0;
			};
			name = Debug;
		};
		1C8723A01DE6284100C08AA5 /* Release */ = {
			isa = XCBuildConfiguration;
			baseConfigurationReference = 9663F7554F5AC5E8B0B24780 /* Pods-SocialMediaApp.release.xcconfig */;
			buildSettings = {
				ASSETCATALOG_COMPILER_APPICON_NAME = AppIcon;
				DEVELOPMENT_TEAM = RE9C75KY3G;
				INFOPLIST_FILE = SocialMediaApp/Info.plist;
				LD_RUNPATH_SEARCH_PATHS = "$(inherited) @executable_path/Frameworks";
				PRODUCT_BUNDLE_IDENTIFIER = BP.SocialMediaApp;
				PRODUCT_NAME = "$(TARGET_NAME)";
				SWIFT_VERSION = 3.0;
			};
			name = Release;
		};
/* End XCBuildConfiguration section */

/* Begin XCConfigurationList section */
		1C8723871DE6284100C08AA5 /* Build configuration list for PBXProject "SocialMediaApp" */ = {
			isa = XCConfigurationList;
			buildConfigurations = (
				1C87239C1DE6284100C08AA5 /* Debug */,
				1C87239D1DE6284100C08AA5 /* Release */,
			);
			defaultConfigurationIsVisible = 0;
			defaultConfigurationName = Release;
		};
		1C87239E1DE6284100C08AA5 /* Build configuration list for PBXNativeTarget "SocialMediaApp" */ = {
			isa = XCConfigurationList;
			buildConfigurations = (
				1C87239F1DE6284100C08AA5 /* Debug */,
				1C8723A01DE6284100C08AA5 /* Release */,
			);
			defaultConfigurationIsVisible = 0;
			defaultConfigurationName = Release;
		};
/* End XCConfigurationList section */
	};
	rootObject = 1C8723841DE6284100C08AA5 /* Project object */;
}
